
Microsoft Visual Studio Solution File, Format Version 12.00
# Visual Studio Version 16
VisualStudioVersion = 16.0.31410.357
MinimumVisualStudioVersion = 10.0.40219.1
Project("{9A19103F-16F7-4668-BE54-9A1E7A4F7556}") = "WebApplication2", "WebApplication2\WebApplication2.csproj", "{96C5150A-887C-419B-AA2A-9D9C34654C5C}"
EndProject
Project("{FAE04EC0-301F-11D3-BF4B-00C04F79EFBC}") = "ItemData.Data", "ItemData.Data\ItemData.Data.csproj", "{2D5AD0E9-3F93-4A9E-95FD-5004F2C8B8C9}"
EndProject
Global
	GlobalSection(SolutionConfigurationPlatforms) = preSolution
		Debug|Any CPU = Debug|Any CPU
		Release|Any CPU = Release|Any CPU
	EndGlobalSection
	GlobalSection(ProjectConfigurationPlatforms) = postSolution
		{96C5150A-887C-419B-AA2A-9D9C34654C5C}.Debug|Any CPU.ActiveCfg = Debug|Any CPU
		{96C5150A-887C-419B-AA2A-9D9C34654C5C}.Debug|Any CPU.Build.0 = Debug|Any CPU
		{96C5150A-887C-419B-AA2A-9D9C34654C5C}.Release|Any CPU.ActiveCfg = Release|Any CPU
		{96C5150A-887C-419B-AA2A-9D9C34654C5C}.Release|Any CPU.Build.0 = Release|Any CPU
		{2D5AD0E9-3F93-4A9E-95FD-5004F2C8B8C9}.Debug|Any CPU.ActiveCfg = Debug|Any CPU
		{2D5AD0E9-3F93-4A9E-95FD-5004F2C8B8C9}.Debug|Any CPU.Build.0 = Debug|Any CPU
		{2D5AD0E9-3F93-4A9E-95FD-5004F2C8B8C9}.Release|Any CPU.ActiveCfg = Release|Any CPU
		{2D5AD0E9-3F93-4A9E-95FD-5004F2C8B8C9}.Release|Any CPU.Build.0 = Release|Any CPU
	EndGlobalSection
	GlobalSection(SolutionProperties) = preSolution
		HideSolutionNode = FALSE
	EndGlobalSection
	GlobalSection(ExtensibilityGlobals) = postSolution
		SolutionGuid = {33F6F241-4642-426F-9CA3-D46BD1B07FA7}
	EndGlobalSection
EndGlobal
